// !$*UTF8*$!
{
	archiveVersion = 1;
	classes = {
	};
	objectVersion = 46;
	objects = {

/* Begin PBXBuildFile section */
		A91FC5DA1CF8A39D004857CF /* AppDelegate.swift in Sources */ = {isa = PBXBuildFile; fileRef = A91FC5D91CF8A39D004857CF /* AppDelegate.swift */; };
		A91FC5DF1CF8A39D004857CF /* Main.storyboard in Resources */ = {isa = PBXBuildFile; fileRef = A91FC5DD1CF8A39D004857CF /* Main.storyboard */; };
		A91FC5E11CF8A39D004857CF /* Assets.xcassets in Resources */ = {isa = PBXBuildFile; fileRef = A91FC5E01CF8A39D004857CF /* Assets.xcassets */; };
		A91FC5E41CF8A39D004857CF /* LaunchScreen.storyboard in Resources */ = {isa = PBXBuildFile; fileRef = A91FC5E21CF8A39D004857CF /* LaunchScreen.storyboard */; };
		A91FC5ED1CF8A3F1004857CF /* Country.swift in Sources */ = {isa = PBXBuildFile; fileRef = A91FC5EB1CF8A3F1004857CF /* Country.swift */; };
		A91FC5EE1CF8A3F1004857CF /* QuizViewController.swift in Sources */ = {isa = PBXBuildFile; fileRef = A91FC5EC1CF8A3F1004857CF /* QuizViewController.swift */; };
		A91FC5F01CF8A3F6004857CF /* QuizViewController+Functions.swift in Sources */ = {isa = PBXBuildFile; fileRef = A91FC5EF1CF8A3F6004857CF /* QuizViewController+Functions.swift */; };
/* End PBXBuildFile section */

/* Begin PBXFileReference section */
		A91FC5D61CF8A39D004857CF /* GeoQuiz.app */ = {isa = PBXFileReference; explicitFileType = wrapper.application; includeInIndex = 0; path = GeoQuiz.app; sourceTree = BUILT_PRODUCTS_DIR; };
		A91FC5D91CF8A39D004857CF /* AppDelegate.swift */ = {isa = PBXFileReference; lastKnownFileType = sourcecode.swift; path = AppDelegate.swift; sourceTree = "<group>"; };
		A91FC5DE1CF8A39D004857CF /* Base */ = {isa = PBXFileReference; lastKnownFileType = file.storyboard; name = Base; path = Base.lproj/Main.storyboard; sourceTree = "<group>"; };
		A91FC5E01CF8A39D004857CF /* Assets.xcassets */ = {isa = PBXFileReference; lastKnownFileType = folder.assetcatalog; path = Assets.xcassets; sourceTree = "<group>"; };
		A91FC5E31CF8A39D004857CF /* Base */ = {isa = PBXFileReference; lastKnownFileType = file.storyboard; name = Base; path = Base.lproj/LaunchScreen.storyboard; sourceTree = "<group>"; };
		A91FC5E51CF8A39D004857CF /* Info.plist */ = {isa = PBXFileReference; lastKnownFileType = text.plist.xml; path = Info.plist; sourceTree = "<group>"; };
		A91FC5EB1CF8A3F1004857CF /* Country.swift */ = {isa = PBXFileReference; fileEncoding = 4; lastKnownFileType = sourcecode.swift; path = Country.swift; sourceTree = "<group>"; };
		A91FC5EC1CF8A3F1004857CF /* QuizViewController.swift */ = {isa = PBXFileReference; fileEncoding = 4; lastKnownFileType = sourcecode.swift; path = QuizViewController.swift; sourceTree = "<group>"; };
		A91FC5EF1CF8A3F6004857CF /* QuizViewController+Functions.swift */ = {isa = PBXFileReference; fileEncoding = 4; lastKnownFileType = sourcecode.swift; path = "QuizViewController+Functions.swift"; sourceTree = "<group>"; };
/* End PBXFileReference section */

/* Begin PBXFrameworksBuildPhase section */
		A91FC5D31CF8A39D004857CF /* Frameworks */ = {
			isa = PBXFrameworksBuildPhase;
			buildActionMask = 2147483647;
			files = (
			);
			runOnlyForDeploymentPostprocessing = 0;
		};
/* End PBXFrameworksBuildPhase section */

/* Begin PBXGroup section */
		A91FC5CD1CF8A39D004857CF = {
			isa = PBXGroup;
			children = (
				A91FC5D81CF8A39D004857CF /* GeoQuiz */,
				A91FC5D71CF8A39D004857CF /* Products */,
			);
			sourceTree = "<group>";
		};
		A91FC5D71CF8A39D004857CF /* Products */ = {
			isa = PBXGroup;
			children = (
				A91FC5D61CF8A39D004857CF /* GeoQuiz.app */,
			);
			name = Products;
			sourceTree = "<group>";
		};
		A91FC5D81CF8A39D004857CF /* GeoQuiz */ = {
			isa = PBXGroup;
			children = (
				A91FC5D91CF8A39D004857CF /* AppDelegate.swift */,
				A91FC5EB1CF8A3F1004857CF /* Country.swift */,
				A91FC5EC1CF8A3F1004857CF /* QuizViewController.swift */,
				A91FC5EF1CF8A3F6004857CF /* QuizViewController+Functions.swift */,
				A91FC5E51CF8A39D004857CF /* Info.plist */,
				A91FC5F11CF8A430004857CF /* Assets */,
			);
			path = GeoQuiz;
			sourceTree = "<group>";
		};
		A91FC5F11CF8A430004857CF /* Assets */ = {
			isa = PBXGroup;
			children = (
				A91FC5E01CF8A39D004857CF /* Assets.xcassets */,
				A91FC5DD1CF8A39D004857CF /* Main.storyboard */,
				A91FC5E21CF8A39D004857CF /* LaunchScreen.storyboard */,
			);
			name = Assets;
			sourceTree = "<group>";
		};
/* End PBXGroup section */

/* Begin PBXNativeTarget section */
		A91FC5D51CF8A39D004857CF /* GeoQuiz */ = {
			isa = PBXNativeTarget;
			buildConfigurationList = A91FC5E81CF8A39D004857CF /* Build configuration list for PBXNativeTarget "GeoQuiz" */;
			buildPhases = (
				A91FC5D21CF8A39D004857CF /* Sources */,
				A91FC5D31CF8A39D004857CF /* Frameworks */,
				A91FC5D41CF8A39D004857CF /* Resources */,
			);
			buildRules = (
			);
			dependencies = (
			);
			name = GeoQuiz;
			productName = GeoQuiz;
			productReference = A91FC5D61CF8A39D004857CF /* GeoQuiz.app */;
			productType = "com.apple.product-type.application";
		};
/* End PBXNativeTarget section */

/* Begin PBXProject section */
		A91FC5CE1CF8A39D004857CF /* Project object */ = {
			isa = PBXProject;
			attributes = {
				LastSwiftUpdateCheck = 0730;
				LastUpgradeCheck = 0730;
				ORGANIZATIONNAME = JarrodParkes;
				TargetAttributes = {
					A91FC5D51CF8A39D004857CF = {
						CreatedOnToolsVersion = 7.3.1;
					};
				};
			};
			buildConfigurationList = A91FC5D11CF8A39D004857CF /* Build configuration list for PBXProject "GeoQuiz" */;
			compatibilityVersion = "Xcode 3.2";
			developmentRegion = English;
			hasScannedForEncodings = 0;
			knownRegions = (
				en,
				Base,
			);
			mainGroup = A91FC5CD1CF8A39D004857CF;
			productRefGroup = A91FC5D71CF8A39D004857CF /* Products */;
			projectDirPath = "";
			projectRoot = "";
			targets = (
				A91FC5D51CF8A39D004857CF /* GeoQuiz */,
			);
		};
/* End PBXProject section */

/* Begin PBXResourcesBuildPhase section */
		A91FC5D41CF8A39D004857CF /* Resources */ = {
			isa = PBXResourcesBuildPhase;
			buildActionMask = 2147483647;
			files = (
				A91FC5E41CF8A39D004857CF /* LaunchScreen.storyboard in Resources */,
				A91FC5E11CF8A39D004857CF /* Assets.xcassets in Resources */,
				A91FC5DF1CF8A39D004857CF /* Main.storyboard in Resources */,
			);
			runOnlyForDeploymentPostprocessing = 0;
		};
/* End PBXResourcesBuildPhase section */

/* Begin PBXSourcesBuildPhase section */
		A91FC5D21CF8A39D004857CF /* Sources */ = {
			isa = PBXSourcesBuildPhase;
			buildActionMask = 2147483647;
			files = (
				A91FC5ED1CF8A3F1004857CF /* Country.swift in Sources */,
				A91FC5DA1CF8A39D004857CF /* AppDelegate.swift in Sources */,
				A91FC5EE1CF8A3F1004857CF /* QuizViewController.swift in Sources */,
				A91FC5F01CF8A3F6004857CF /* QuizViewController+Functions.swift in Sources */,
			);
			runOnlyForDeploymentPostprocessing = 0;
		};
/* End PBXSourcesBuildPhase section */

/* Begin PBXVariantGroup section */
		A91FC5DD1CF8A39D004857CF /* Main.storyboard */ = {
			isa = PBXVariantGroup;
			children = (
				A91FC5DE1CF8A39D004857CF /* Base */,
			);
			name = Main.storyboard;
			sourceTree = "<group>";
		};
		A91FC5E21CF8A39D004857CF /* LaunchScreen.storyboard */ = {
			isa = PBXVariantGroup;
			children = (
				A91FC5E31CF8A39D004857CF /* Base */,
			);
			name = LaunchScreen.storyboard;
			sourceTree = "<group>";
		};
/* End PBXVariantGroup section */

/* Begin XCBuildConfiguration section */
		A91FC5E61CF8A39D004857CF /* Debug */ = {
			isa = XCBuildConfiguration;
			buildSettings = {
				ALWAYS_SEARCH_USER_PATHS = NO;
				CLANG_ANALYZER_NONNULL = YES;
				CLANG_CXX_LANGUAGE_STANDARD = "gnu++0x";
				CLANG_CXX_LIBRARY = "libc++";
				CLANG_ENABLE_MODULES = YES;
				CLANG_ENABLE_OBJC_ARC = YES;
				CLANG_WARN_BOOL_CONVERSION = YES;
				CLANG_WARN_CONSTANT_CONVERSION = YES;
				CLANG_WARN_DIRECT_OBJC_ISA_USAGE = YES_ERROR;
				CLANG_WARN_EMPTY_BODY = YES;
				CLANG_WARN_ENUM_CONVERSION = YES;
				CLANG_WARN_INT_CONVERSION = YES;
				CLANG_WARN_OBJC_ROOT_CLASS = YES_ERROR;
				CLANG_WARN_UNREACHABLE_CODE = YES;
				CLANG_WARN__DUPLICATE_METHOD_MATCH = YES;
				"CODE_SIGN_IDENTITY[sdk=iphoneos*]" = "iPhone Developer";
				COPY_PHASE_STRIP = NO;
				DEBUG_INFORMATION_FORMAT = dwarf;
				ENABLE_STRICT_OBJC_MSGSEND = YES;
				ENABLE_TESTABILITY = YES;
				GCC_C_LANGUAGE_STANDARD = gnu99;
				GCC_DYNAMIC_NO_PIC = NO;
				GCC_NO_COMMON_BLOCKS = YES;
				GCC_OPTIMIZATION_LEVEL = 0;
				GCC_PREPROCESSOR_DEFINITIONS = (
					"DEBUG=1",
					"$(inherited)",
				);
				GCC_WARN_64_TO_32_BIT_CONVERSION = YES;
				GCC_WARN_ABOUT_RETURN_TYPE = YES_ERROR;
				GCC_WARN_UNDECLARED_SELECTOR = YES;
				GCC_WARN_UNINITIALIZED_AUTOS = YES_AGGRESSIVE;
				GCC_WARN_UNUSED_FUNCTION = YES;
				GCC_WARN_UNUSED_VARIABLE = YES;
				IPHONEOS_DEPLOYMENT_TARGET = 9.3;
				MTL_ENABLE_DEBUG_INFO = YES;
				ONLY_ACTIVE_ARCH = YES;
				SDKROOT = iphoneos;
				SWIFT_OPTIMIZATION_LEVEL = "-Onone";
				TARGETED_DEVICE_FAMILY = "1,2";
			};
			name = Debug;
		};
		A91FC5E71CF8A39D004857CF /* Release */ = {
			isa = XCBuildConfiguration;
			buildSettings = {
				ALWAYS_SEARCH_USER_PATHS = NO;
				CLANG_ANALYZER_NONNULL = YES;
				CLANG_CXX_LANGUAGE_STANDARD = "gnu++0x";
				CLANG_CXX_LIBRARY = "libc++";
				CLANG_ENABLE_MODULES = YES;
				CLANG_ENABLE_OBJC_ARC = YES;
				CLANG_WARN_BOOL_CONVERSION = YES;
				CLANG_WARN_CONSTANT_CONVERSION = YES;
				CLANG_WARN_DIRECT_OBJC_ISA_USAGE = YES_ERROR;
				CLANG_WARN_EMPTY_BODY = YES;
				CLANG_WARN_ENUM_CONVERSION = YES;
				CLANG_WARN_INT_CONVERSION = YES;
				CLANG_WARN_OBJC_ROOT_CLASS = YES_ERROR;
				CLANG_WARN_UNREACHABLE_CODE = YES;
				CLANG_WARN__DUPLICATE_METHOD_MATCH = YES;
				"CODE_SIGN_IDENTITY[sdk=iphoneos*]" = "iPhone Developer";
				COPY_PHASE_STRIP = NO;
				DEBUG_INFORMATION_FORMAT = "dwarf-with-dsym";
				ENABLE_NS_ASSERTIONS = NO;
				ENABLE_STRICT_OBJC_MSGSEND = YES;
				GCC_C_LANGUAGE_STANDARD = gnu99;
				GCC_NO_COMMON_BLOCKS = YES;
				GCC_WARN_64_TO_32_BIT_CONVERSION = YES;
				GCC_WARN_ABOUT_RETURN_TYPE = YES_ERROR;
				GCC_WARN_UNDECLARED_SELECTOR = YES;
				GCC_WARN_UNINITIALIZED_AUTOS = YES_AGGRESSIVE;
				GCC_WARN_UNUSED_FUNCTION = YES;
				GCC_WARN_UNUSED_VARIABLE = YES;
				IPHONEOS_DEPLOYMENT_TARGET = 9.3;
				MTL_ENABLE_DEBUG_INFO = NO;
				SDKROOT = iphoneos;
				TARGETED_DEVICE_FAMILY = "1,2";
				VALIDATE_PRODUCT = YES;
			};
			name = Release;
		};
		A91FC5E91CF8A39D004857CF /* Debug */ = {
			isa = XCBuildConfiguration;
			buildSettings = {
				ASSETCATALOG_COMPILER_APPICON_NAME = AppIcon;
				INFOPLIST_FILE = GeoQuiz/Info.plist;
				LD_RUNPATH_SEARCH_PATHS = "$(inherited) @executable_path/Frameworks";
				PRODUCT_BUNDLE_IDENTIFIER = com.JarrodParkes.GeoQuiz;
				PRODUCT_NAME = "$(TARGET_NAME)";
			};
			name = Debug;
		};
		A91FC5EA1CF8A39D004857CF /* Release */ = {
			isa = XCBuildConfiguration;
			buildSettings = {
				ASSETCATALOG_COMPILER_APPICON_NAME = AppIcon;
				INFOPLIST_FILE = GeoQuiz/Info.plist;
				LD_RUNPATH_SEARCH_PATHS = "$(inherited) @executable_path/Frameworks";
				PRODUCT_BUNDLE_IDENTIFIER = com.JarrodParkes.GeoQuiz;
				PRODUCT_NAME = "$(TARGET_NAME)";
			};
			name = Release;
		};
/* End XCBuildConfiguration section */

/* Begin XCConfigurationList section */
		A91FC5D11CF8A39D004857CF /* Build configuration list for PBXProject "GeoQuiz" */ = {
			isa = XCConfigurationList;
			buildConfigurations = (
				A91FC5E61CF8A39D004857CF /* Debug */,
				A91FC5E71CF8A39D004857CF /* Release */,
			);
			defaultConfigurationIsVisible = 0;
			defaultConfigurationName = Release;
		};
		A91FC5E81CF8A39D004857CF /* Build configuration list for PBXNativeTarget "GeoQuiz" */ = {
			isa = XCConfigurationList;
			buildConfigurations = (
				A91FC5E91CF8A39D004857CF /* Debug */,
				A91FC5EA1CF8A39D004857CF /* Release */,
			);
			defaultConfigurationIsVisible = 0;
			defaultConfigurationName = Release;
		};
/* End XCConfigurationList section */
	};
	rootObject = A91FC5CE1CF8A39D004857CF /* Project object */;
}
